// !$*UTF8*$!
{
	archiveVersion = 1;
	classes = {
	};
	objectVersion = 51;
	objects = {

/* Begin PBXBuildFile section */
		150C8E681E99C62000CB4D16 /* AppDelegate.swift in Sources */ = {isa = PBXBuildFile; fileRef = 150C8E671E99C62000CB4D16 /* AppDelegate.swift */; };
		150C8E6A1E99C62000CB4D16 /* ListViewController.swift in Sources */ = {isa = PBXBuildFile; fileRef = 150C8E691E99C62000CB4D16 /* ListViewController.swift */; };
		150C8E6D1E99C62000CB4D16 /* Main.storyboard in Resources */ = {isa = PBXBuildFile; fileRef = 150C8E6B1E99C62000CB4D16 /* Main.storyboard */; };
		150C8E6F1E99C62000CB4D16 /* Assets.xcassets in Resources */ = {isa = PBXBuildFile; fileRef = 150C8E6E1E99C62000CB4D16 /* Assets.xcassets */; };
		150C8E721E99C62000CB4D16 /* LaunchScreen.storyboard in Resources */ = {isa = PBXBuildFile; fileRef = 150C8E701E99C62000CB4D16 /* LaunchScreen.storyboard */; };
		150C8E821E99D68000CB4D16 /* APIClient.h in Headers */ = {isa = PBXBuildFile; fileRef = 150C8E801E99D68000CB4D16 /* APIClient.h */; settings = {ATTRIBUTES = (Public, ); }; };
		150C8E851E99D68000CB4D16 /* APIClient.framework in Frameworks */ = {isa = PBXBuildFile; fileRef = 150C8E7E1E99D68000CB4D16 /* APIClient.framework */; };
		150C8E861E99D68000CB4D16 /* APIClient.framework in Embed Frameworks */ = {isa = PBXBuildFile; fileRef = 150C8E7E1E99D68000CB4D16 /* APIClient.framework */; settings = {ATTRIBUTES = (CodeSignOnCopy, RemoveHeadersOnCopy, ); }; };
		150C8E9E1E99DADC00CB4D16 /* ListEvent.swift in Sources */ = {isa = PBXBuildFile; fileRef = 150C8E9D1E99DADC00CB4D16 /* ListEvent.swift */; };
		150C8EA51E99E04000CB4D16 /* ResourceIdentifiers.swift in Sources */ = {isa = PBXBuildFile; fileRef = 150C8EA41E99E04000CB4D16 /* ResourceIdentifiers.swift */; };
		150C8EA81E99E80000CB4D16 /* SegueHandlerType.swift in Sources */ = {isa = PBXBuildFile; fileRef = 150C8EA71E99E80000CB4D16 /* SegueHandlerType.swift */; };
		150C8EAA1E99EADE00CB4D16 /* WebKit.framework in Frameworks */ = {isa = PBXBuildFile; fileRef = 150C8EA91E99EADE00CB4D16 /* WebKit.framework */; };
		150C8EAC1E99EC8100CB4D16 /* UIView+Extensions.swift in Sources */ = {isa = PBXBuildFile; fileRef = 150C8EAB1E99EC8100CB4D16 /* UIView+Extensions.swift */; };
		150C8EB61E99F72600CB4D16 /* OverlayViewController.swift in Sources */ = {isa = PBXBuildFile; fileRef = 150C8EB51E99F72600CB4D16 /* OverlayViewController.swift */; };
		150C8EB91E9A19B000CB4D16 /* EventDetailViewController.swift in Sources */ = {isa = PBXBuildFile; fileRef = 150C8EA21E99DFAD00CB4D16 /* EventDetailViewController.swift */; };
		15ECAE951E9EE50B00487E4F /* Result.swift in Sources */ = {isa = PBXBuildFile; fileRef = 15ECAE941E9EE50B00487E4F /* Result.swift */; };
		15ECAE981E9EE88C00487E4F /* EventsAPI+Result.swift in Sources */ = {isa = PBXBuildFile; fileRef = 15ECAE971E9EE88C00487E4F /* EventsAPI+Result.swift */; };
		152063C62191324000DECB3E /* README.md in Resources */ = {isa = PBXBuildFile; fileRef = 152063C52191324000DECB3E /* README.md */; };
		152063C82191329900DECB3E /* Podfile in Resources */ = {isa = PBXBuildFile; fileRef = 152063C72191329900DECB3E /* Podfile */; };
		1520642E2191657600DECB3E /* APIHelper.swift in Sources */ = {isa = PBXBuildFile; fileRef = 152064192191657600DECB3E /* APIHelper.swift */; };
		1520642F2191657600DECB3E /* AlamofireImplementations.swift in Sources */ = {isa = PBXBuildFile; fileRef = 1520641A2191657600DECB3E /* AlamofireImplementations.swift */; };
		152064302191657600DECB3E /* EventsAPI.swift in Sources */ = {isa = PBXBuildFile; fileRef = 1520641C2191657600DECB3E /* EventsAPI.swift */; };
		152064312191657600DECB3E /* CodableHelper.swift in Sources */ = {isa = PBXBuildFile; fileRef = 1520641D2191657600DECB3E /* CodableHelper.swift */; };
		152064322191657600DECB3E /* JSONEncodableEncoding.swift in Sources */ = {isa = PBXBuildFile; fileRef = 1520641E2191657600DECB3E /* JSONEncodableEncoding.swift */; };
		152064332191657600DECB3E /* APIs.swift in Sources */ = {isa = PBXBuildFile; fileRef = 1520641F2191657600DECB3E /* APIs.swift */; };
		152064342191657600DECB3E /* ResponseError.swift in Sources */ = {isa = PBXBuildFile; fileRef = 152064212191657600DECB3E /* ResponseError.swift */; };
		152064352191657600DECB3E /* Address.swift in Sources */ = {isa = PBXBuildFile; fileRef = 152064222191657600DECB3E /* Address.swift */; };
		152064362191657600DECB3E /* Event.swift in Sources */ = {isa = PBXBuildFile; fileRef = 152064232191657600DECB3E /* Event.swift */; };
		152064372191657600DECB3E /* InlineResponse2001.swift in Sources */ = {isa = PBXBuildFile; fileRef = 152064242191657600DECB3E /* InlineResponse2001.swift */; };
		152064382191657600DECB3E /* Links.swift in Sources */ = {isa = PBXBuildFile; fileRef = 152064252191657600DECB3E /* Links.swift */; };
		152064392191657600DECB3E /* EventLinks.swift in Sources */ = {isa = PBXBuildFile; fileRef = 152064262191657600DECB3E /* EventLinks.swift */; };
		1520643A2191657600DECB3E /* Coordinate.swift in Sources */ = {isa = PBXBuildFile; fileRef = 152064272191657600DECB3E /* Coordinate.swift */; };
		1520643B2191657600DECB3E /* InlineResponse200.swift in Sources */ = {isa = PBXBuildFile; fileRef = 152064282191657600DECB3E /* InlineResponse200.swift */; };
		1520643D2191657600DECB3E /* Extensions.swift in Sources */ = {isa = PBXBuildFile; fileRef = 1520642A2191657600DECB3E /* Extensions.swift */; };
		1520643E2191657600DECB3E /* JSONEncodingHelper.swift in Sources */ = {isa = PBXBuildFile; fileRef = 1520642B2191657600DECB3E /* JSONEncodingHelper.swift */; };
		1520643F2191657600DECB3E /* Models.swift in Sources */ = {isa = PBXBuildFile; fileRef = 1520642C2191657600DECB3E /* Models.swift */; };
		152064402191657600DECB3E /* Configuration.swift in Sources */ = {isa = PBXBuildFile; fileRef = 1520642D2191657600DECB3E /* Configuration.swift */; };
		52ED999BB0B065405DE74DB9 /* Pods_CocoaheadsMobile.framework in Frameworks */ = {isa = PBXBuildFile; fileRef = 070B346734C1DF555B83FCE2 /* Pods_CocoaheadsMobile.framework */; };
		F229E7C1BE71633353895449 /* Pods_APIClient.framework in Frameworks */ = {isa = PBXBuildFile; fileRef = 7C7830F0A62483F34F4F650F /* Pods_APIClient.framework */; };
/* End PBXBuildFile section */

/* Begin PBXContainerItemProxy section */
		150C8E831E99D68000CB4D16 /* PBXContainerItemProxy */ = {
			isa = PBXContainerItemProxy;
			containerPortal = 150C8E5C1E99C62000CB4D16 /* Project object */;
			proxyType = 1;
			remoteGlobalIDString = 150C8E7D1E99D68000CB4D16;
			remoteInfo = APIClient;
		};
/* End PBXContainerItemProxy section */

/* Begin PBXCopyFilesBuildPhase section */
		150C8E8A1E99D68000CB4D16 /* Embed Frameworks */ = {
			isa = PBXCopyFilesBuildPhase;
			buildActionMask = 2147483647;
			dstPath = "";
			dstSubfolderSpec = 10;
			files = (
				150C8E861E99D68000CB4D16 /* APIClient.framework in Embed Frameworks */,
			);
			name = "Embed Frameworks";
			runOnlyForDeploymentPostprocessing = 0;
		};
/* End PBXCopyFilesBuildPhase section */

/* Begin PBXFileReference section */
		070B346734C1DF555B83FCE2 /* Pods_CocoaheadsMobile.framework */ = {isa = PBXFileReference; explicitFileType = wrapper.framework; includeInIndex = 0; path = Pods_CocoaheadsMobile.framework; sourceTree = BUILT_PRODUCTS_DIR; };
		150C8E641E99C62000CB4D16 /* CocoaheadsMobile.app */ = {isa = PBXFileReference; explicitFileType = wrapper.application; includeInIndex = 0; path = CocoaheadsMobile.app; sourceTree = BUILT_PRODUCTS_DIR; };
		150C8E671E99C62000CB4D16 /* AppDelegate.swift */ = {isa = PBXFileReference; lastKnownFileType = sourcecode.swift; path = AppDelegate.swift; sourceTree = "<group>"; };
		150C8E691E99C62000CB4D16 /* ListViewController.swift */ = {isa = PBXFileReference; lastKnownFileType = sourcecode.swift; path = ListViewController.swift; sourceTree = "<group>"; };
		150C8E6C1E99C62000CB4D16 /* Base */ = {isa = PBXFileReference; lastKnownFileType = file.storyboard; name = Base; path = Base.lproj/Main.storyboard; sourceTree = "<group>"; };
		150C8E6E1E99C62000CB4D16 /* Assets.xcassets */ = {isa = PBXFileReference; lastKnownFileType = folder.assetcatalog; path = Assets.xcassets; sourceTree = "<group>"; };
		150C8E711E99C62000CB4D16 /* Base */ = {isa = PBXFileReference; lastKnownFileType = file.storyboard; name = Base; path = Base.lproj/LaunchScreen.storyboard; sourceTree = "<group>"; };
		150C8E731E99C62000CB4D16 /* Info.plist */ = {isa = PBXFileReference; lastKnownFileType = text.plist.xml; path = Info.plist; sourceTree = "<group>"; };
		150C8E7E1E99D68000CB4D16 /* APIClient.framework */ = {isa = PBXFileReference; explicitFileType = wrapper.framework; includeInIndex = 0; path = APIClient.framework; sourceTree = BUILT_PRODUCTS_DIR; };
		150C8E801E99D68000CB4D16 /* APIClient.h */ = {isa = PBXFileReference; lastKnownFileType = sourcecode.c.h; path = APIClient.h; sourceTree = "<group>"; };
		150C8E811E99D68000CB4D16 /* Info.plist */ = {isa = PBXFileReference; lastKnownFileType = text.plist.xml; path = Info.plist; sourceTree = "<group>"; };
		150C8E9D1E99DADC00CB4D16 /* ListEvent.swift */ = {isa = PBXFileReference; fileEncoding = 4; lastKnownFileType = sourcecode.swift; path = ListEvent.swift; sourceTree = "<group>"; };
		150C8EA21E99DFAD00CB4D16 /* EventDetailViewController.swift */ = {isa = PBXFileReference; fileEncoding = 4; lastKnownFileType = sourcecode.swift; path = EventDetailViewController.swift; sourceTree = "<group>"; };
		150C8EA41E99E04000CB4D16 /* ResourceIdentifiers.swift */ = {isa = PBXFileReference; fileEncoding = 4; lastKnownFileType = sourcecode.swift; path = ResourceIdentifiers.swift; sourceTree = "<group>"; };
		150C8EA71E99E80000CB4D16 /* SegueHandlerType.swift */ = {isa = PBXFileReference; fileEncoding = 4; lastKnownFileType = sourcecode.swift; path = SegueHandlerType.swift; sourceTree = "<group>"; };
		150C8EA91E99EADE00CB4D16 /* WebKit.framework */ = {isa = PBXFileReference; lastKnownFileType = wrapper.framework; name = WebKit.framework; path = System/Library/Frameworks/WebKit.framework; sourceTree = SDKROOT; };
		150C8EAB1E99EC8100CB4D16 /* UIView+Extensions.swift */ = {isa = PBXFileReference; fileEncoding = 4; lastKnownFileType = sourcecode.swift; path = "UIView+Extensions.swift"; sourceTree = "<group>"; };
		150C8EB51E99F72600CB4D16 /* OverlayViewController.swift */ = {isa = PBXFileReference; fileEncoding = 4; lastKnownFileType = sourcecode.swift; path = OverlayViewController.swift; sourceTree = "<group>"; };
		15ECAE941E9EE50B00487E4F /* Result.swift */ = {isa = PBXFileReference; fileEncoding = 4; lastKnownFileType = sourcecode.swift; path = Result.swift; sourceTree = "<group>"; };
		15ECAE971E9EE88C00487E4F /* EventsAPI+Result.swift */ = {isa = PBXFileReference; fileEncoding = 4; lastKnownFileType = sourcecode.swift; path = "EventsAPI+Result.swift"; sourceTree = "<group>"; };
		152063C52191324000DECB3E /* README.md */ = {isa = PBXFileReference; fileEncoding = 4; lastKnownFileType = net.daringfireball.markdown; path = README.md; sourceTree = "<group>"; };
		152063C72191329900DECB3E /* Podfile */ = {isa = PBXFileReference; fileEncoding = 4; lastKnownFileType = text; path = Podfile; sourceTree = "<group>"; };
		152064192191657600DECB3E /* APIHelper.swift */ = {isa = PBXFileReference; fileEncoding = 4; lastKnownFileType = sourcecode.swift; path = APIHelper.swift; sourceTree = "<group>"; };
		1520641A2191657600DECB3E /* AlamofireImplementations.swift */ = {isa = PBXFileReference; fileEncoding = 4; lastKnownFileType = sourcecode.swift; path = AlamofireImplementations.swift; sourceTree = "<group>"; };
		1520641C2191657600DECB3E /* EventsAPI.swift */ = {isa = PBXFileReference; fileEncoding = 4; lastKnownFileType = sourcecode.swift; path = EventsAPI.swift; sourceTree = "<group>"; };
		1520641D2191657600DECB3E /* CodableHelper.swift */ = {isa = PBXFileReference; fileEncoding = 4; lastKnownFileType = sourcecode.swift; path = CodableHelper.swift; sourceTree = "<group>"; };
		1520641E2191657600DECB3E /* JSONEncodableEncoding.swift */ = {isa = PBXFileReference; fileEncoding = 4; lastKnownFileType = sourcecode.swift; path = JSONEncodableEncoding.swift; sourceTree = "<group>"; };
		1520641F2191657600DECB3E /* APIs.swift */ = {isa = PBXFileReference; fileEncoding = 4; lastKnownFileType = sourcecode.swift; path = APIs.swift; sourceTree = "<group>"; };
		152064212191657600DECB3E /* ResponseError.swift */ = {isa = PBXFileReference; fileEncoding = 4; lastKnownFileType = sourcecode.swift; path = ResponseError.swift; sourceTree = "<group>"; };
		152064222191657600DECB3E /* Address.swift */ = {isa = PBXFileReference; fileEncoding = 4; lastKnownFileType = sourcecode.swift; path = Address.swift; sourceTree = "<group>"; };
		152064232191657600DECB3E /* Event.swift */ = {isa = PBXFileReference; fileEncoding = 4; lastKnownFileType = sourcecode.swift; path = Event.swift; sourceTree = "<group>"; };
		152064242191657600DECB3E /* InlineResponse2001.swift */ = {isa = PBXFileReference; fileEncoding = 4; lastKnownFileType = sourcecode.swift; path = InlineResponse2001.swift; sourceTree = "<group>"; };
		152064252191657600DECB3E /* Links.swift */ = {isa = PBXFileReference; fileEncoding = 4; lastKnownFileType = sourcecode.swift; path = Links.swift; sourceTree = "<group>"; };
		152064262191657600DECB3E /* EventLinks.swift */ = {isa = PBXFileReference; fileEncoding = 4; lastKnownFileType = sourcecode.swift; path = EventLinks.swift; sourceTree = "<group>"; };
		152064272191657600DECB3E /* Coordinate.swift */ = {isa = PBXFileReference; fileEncoding = 4; lastKnownFileType = sourcecode.swift; path = Coordinate.swift; sourceTree = "<group>"; };
		152064282191657600DECB3E /* InlineResponse200.swift */ = {isa = PBXFileReference; fileEncoding = 4; lastKnownFileType = sourcecode.swift; path = InlineResponse200.swift; sourceTree = "<group>"; };
		1520642A2191657600DECB3E /* Extensions.swift */ = {isa = PBXFileReference; fileEncoding = 4; lastKnownFileType = sourcecode.swift; path = Extensions.swift; sourceTree = "<group>"; };
		1520642B2191657600DECB3E /* JSONEncodingHelper.swift */ = {isa = PBXFileReference; fileEncoding = 4; lastKnownFileType = sourcecode.swift; path = JSONEncodingHelper.swift; sourceTree = "<group>"; };
		1520642C2191657600DECB3E /* Models.swift */ = {isa = PBXFileReference; fileEncoding = 4; lastKnownFileType = sourcecode.swift; path = Models.swift; sourceTree = "<group>"; };
		1520642D2191657600DECB3E /* Configuration.swift */ = {isa = PBXFileReference; fileEncoding = 4; lastKnownFileType = sourcecode.swift; path = Configuration.swift; sourceTree = "<group>"; };
		24EEAD5DDDD30139C3D44F23 /* Pods-CocoaheadsMobile.debug.xcconfig */ = {isa = PBXFileReference; includeInIndex = 1; lastKnownFileType = text.xcconfig; name = "Pods-CocoaheadsMobile.debug.xcconfig"; path = "Pods/Target Support Files/Pods-CocoaheadsMobile/Pods-CocoaheadsMobile.debug.xcconfig"; sourceTree = "<group>"; };
		6B4DD9724993CE638C391CB8 /* Pods-APIClient.release.xcconfig */ = {isa = PBXFileReference; includeInIndex = 1; lastKnownFileType = text.xcconfig; name = "Pods-APIClient.release.xcconfig"; path = "Pods/Target Support Files/Pods-APIClient/Pods-APIClient.release.xcconfig"; sourceTree = "<group>"; };
		7C7830F0A62483F34F4F650F /* Pods_APIClient.framework */ = {isa = PBXFileReference; explicitFileType = wrapper.framework; includeInIndex = 0; path = Pods_APIClient.framework; sourceTree = BUILT_PRODUCTS_DIR; };
		C1EF3783EDC80AA6D52CA227 /* Pods-CocoaheadsMobile.release.xcconfig */ = {isa = PBXFileReference; includeInIndex = 1; lastKnownFileType = text.xcconfig; name = "Pods-CocoaheadsMobile.release.xcconfig"; path = "Pods/Target Support Files/Pods-CocoaheadsMobile/Pods-CocoaheadsMobile.release.xcconfig"; sourceTree = "<group>"; };
		D246C2A0B41E34D30B592E34 /* Pods-APIClient.debug.xcconfig */ = {isa = PBXFileReference; includeInIndex = 1; lastKnownFileType = text.xcconfig; name = "Pods-APIClient.debug.xcconfig"; path = "Pods/Target Support Files/Pods-APIClient/Pods-APIClient.debug.xcconfig"; sourceTree = "<group>"; };
/* End PBXFileReference section */

/* Begin PBXFrameworksBuildPhase section */
		150C8E611E99C62000CB4D16 /* Frameworks */ = {
			isa = PBXFrameworksBuildPhase;
			buildActionMask = 2147483647;
			files = (
				150C8EAA1E99EADE00CB4D16 /* WebKit.framework in Frameworks */,
				150C8E851E99D68000CB4D16 /* APIClient.framework in Frameworks */,
				52ED999BB0B065405DE74DB9 /* Pods_CocoaheadsMobile.framework in Frameworks */,
			);
			runOnlyForDeploymentPostprocessing = 0;
		};
		150C8E7A1E99D68000CB4D16 /* Frameworks */ = {
			isa = PBXFrameworksBuildPhase;
			buildActionMask = 2147483647;
			files = (
				F229E7C1BE71633353895449 /* Pods_APIClient.framework in Frameworks */,
			);
			runOnlyForDeploymentPostprocessing = 0;
		};
/* End PBXFrameworksBuildPhase section */

/* Begin PBXGroup section */
		150C8E5B1E99C62000CB4D16 = {
			isa = PBXGroup;
			children = (
				152063C72191329900DECB3E /* Podfile */,
				152063C52191324000DECB3E /* README.md */,
				150C8E661E99C62000CB4D16 /* CocoaheadsMobile */,
				150C8E7F1E99D68000CB4D16 /* APIClient */,
				150C8E651E99C62000CB4D16 /* Products */,
				29D4823A45AED11900767724 /* Pods */,
				16DBBA71E0093D4DBA1FC3DB /* Frameworks */,
			);
			sourceTree = "<group>";
		};
		150C8E651E99C62000CB4D16 /* Products */ = {
			isa = PBXGroup;
			children = (
				150C8E641E99C62000CB4D16 /* CocoaheadsMobile.app */,
				150C8E7E1E99D68000CB4D16 /* APIClient.framework */,
			);
			name = Products;
			sourceTree = "<group>";
		};
		150C8E661E99C62000CB4D16 /* CocoaheadsMobile */ = {
			isa = PBXGroup;
			children = (
				15ECAE961E9EE87400487E4F /* APIClient Extensions */,
				150C8E9F1E99DAE000CB4D16 /* Models */,
				150C8EB31E99F6D600CB4D16 /* Controllers */,
				150C8EA41E99E04000CB4D16 /* ResourceIdentifiers.swift */,
				150C8EA71E99E80000CB4D16 /* SegueHandlerType.swift */,
				150C8EAB1E99EC8100CB4D16 /* UIView+Extensions.swift */,
				15ECAE941E9EE50B00487E4F /* Result.swift */,
				150C8EA61E99E08100CB4D16 /* Resources */,
			);
			path = CocoaheadsMobile;
			sourceTree = "<group>";
		};
		150C8E7F1E99D68000CB4D16 /* APIClient */ = {
			isa = PBXGroup;
			children = (
				152064182191657600DECB3E /* OpenAPIs */,
				150C8E801E99D68000CB4D16 /* APIClient.h */,
				150C8E811E99D68000CB4D16 /* Info.plist */,
			);
			path = APIClient;
			sourceTree = "<group>";
		};
		150C8E9F1E99DAE000CB4D16 /* Models */ = {
			isa = PBXGroup;
			children = (
				150C8E9D1E99DADC00CB4D16 /* ListEvent.swift */,
			);
			name = Models;
			sourceTree = "<group>";
		};
		150C8EA61E99E08100CB4D16 /* Resources */ = {
			isa = PBXGroup;
			children = (
				150C8E671E99C62000CB4D16 /* AppDelegate.swift */,
				150C8E6E1E99C62000CB4D16 /* Assets.xcassets */,
				150C8E701E99C62000CB4D16 /* LaunchScreen.storyboard */,
				150C8E731E99C62000CB4D16 /* Info.plist */,
			);
			name = Resources;
			sourceTree = "<group>";
		};
		150C8EB31E99F6D600CB4D16 /* Controllers */ = {
			isa = PBXGroup;
			children = (
				150C8E6B1E99C62000CB4D16 /* Main.storyboard */,
				150C8E691E99C62000CB4D16 /* ListViewController.swift */,
				150C8EA21E99DFAD00CB4D16 /* EventDetailViewController.swift */,
				150C8EB51E99F72600CB4D16 /* OverlayViewController.swift */,
			);
			name = Controllers;
			sourceTree = "<group>";
		};
		152064182191657600DECB3E /* OpenAPIs */ = {
			isa = PBXGroup;
			children = (
				152064192191657600DECB3E /* APIHelper.swift */,
				1520641A2191657600DECB3E /* AlamofireImplementations.swift */,
				1520641B2191657600DECB3E /* APIs */,
				1520641D2191657600DECB3E /* CodableHelper.swift */,
				1520641E2191657600DECB3E /* JSONEncodableEncoding.swift */,
				1520641F2191657600DECB3E /* APIs.swift */,
				152064202191657600DECB3E /* Models */,
				1520642A2191657600DECB3E /* Extensions.swift */,
				1520642B2191657600DECB3E /* JSONEncodingHelper.swift */,
				1520642C2191657600DECB3E /* Models.swift */,
				1520642D2191657600DECB3E /* Configuration.swift */,
			);
			name = OpenAPIs;
			path = OpenAPIClient/Classes/OpenAPIs;
			sourceTree = "<group>";
		};
		1520641B2191657600DECB3E /* APIs */ = {
			isa = PBXGroup;
			children = (
				1520641C2191657600DECB3E /* EventsAPI.swift */,
			);
			path = APIs;
			sourceTree = "<group>";
		};
		152064202191657600DECB3E /* Models */ = {
			isa = PBXGroup;
			children = (
				152064212191657600DECB3E /* ResponseError.swift */,
				152064222191657600DECB3E /* Address.swift */,
				152064232191657600DECB3E /* Event.swift */,
				152064242191657600DECB3E /* InlineResponse2001.swift */,
				152064252191657600DECB3E /* Links.swift */,
				152064262191657600DECB3E /* EventLinks.swift */,
				152064272191657600DECB3E /* Coordinate.swift */,
				152064282191657600DECB3E /* InlineResponse200.swift */,
			);
			path = Models;
			sourceTree = "<group>";
		};
		16DBBA71E0093D4DBA1FC3DB /* Frameworks */ = {
			isa = PBXGroup;
			children = (
				150C8EA91E99EADE00CB4D16 /* WebKit.framework */,
				070B346734C1DF555B83FCE2 /* Pods_CocoaheadsMobile.framework */,
				7C7830F0A62483F34F4F650F /* Pods_APIClient.framework */,
			);
			name = Frameworks;
			sourceTree = "<group>";
		};
		29D4823A45AED11900767724 /* Pods */ = {
			isa = PBXGroup;
			children = (
				24EEAD5DDDD30139C3D44F23 /* Pods-CocoaheadsMobile.debug.xcconfig */,
				C1EF3783EDC80AA6D52CA227 /* Pods-CocoaheadsMobile.release.xcconfig */,
				D246C2A0B41E34D30B592E34 /* Pods-APIClient.debug.xcconfig */,
				6B4DD9724993CE638C391CB8 /* Pods-APIClient.release.xcconfig */,
			);
			name = Pods;
			sourceTree = "<group>";
		};
/* End PBXGroup section */

/* Begin PBXHeadersBuildPhase section */
		150C8E7B1E99D68000CB4D16 /* Headers */ = {
			isa = PBXHeadersBuildPhase;
			buildActionMask = 2147483647;
			files = (
				150C8E821E99D68000CB4D16 /* APIClient.h in Headers */,
			);
			runOnlyForDeploymentPostprocessing = 0;
		};
/* End PBXHeadersBuildPhase section */

/* Begin PBXNativeTarget section */
		150C8E631E99C62000CB4D16 /* CocoaheadsMobile */ = {
			isa = PBXNativeTarget;
			buildConfigurationList = 150C8E761E99C62000CB4D16 /* Build configuration list for PBXNativeTarget "CocoaheadsMobile" */;
			buildPhases = (
				527175E2A73FFF087FD21229 /* [CP] Check Pods Manifest.lock */,
				150C8E601E99C62000CB4D16 /* Sources */,
				150C8E611E99C62000CB4D16 /* Frameworks */,
				150C8E621E99C62000CB4D16 /* Resources */,
				A7C0F03C654498DCB1200E23 /* [CP] Embed Pods Frameworks */,
				150C8E8A1E99D68000CB4D16 /* Embed Frameworks */,
			);
			buildRules = (
			);
			dependencies = (
				150C8E841E99D68000CB4D16 /* PBXTargetDependency */,
			);
			name = CocoaheadsMobile;
			productName = CocoaheadsMobile;
			productReference = 150C8E641E99C62000CB4D16 /* CocoaheadsMobile.app */;
			productType = "com.apple.product-type.application";
		};
		150C8E7D1E99D68000CB4D16 /* APIClient */ = {
			isa = PBXNativeTarget;
			buildConfigurationList = 150C8E891E99D68000CB4D16 /* Build configuration list for PBXNativeTarget "APIClient" */;
			buildPhases = (
				FFCDFDF6020F6A198E2E052B /* [CP] Check Pods Manifest.lock */,
				150C8E791E99D68000CB4D16 /* Sources */,
				150C8E7A1E99D68000CB4D16 /* Frameworks */,
				150C8E7B1E99D68000CB4D16 /* Headers */,
				150C8E7C1E99D68000CB4D16 /* Resources */,
			);
			buildRules = (
			);
			dependencies = (
			);
			name = APIClient;
			productName = APIClient;
			productReference = 150C8E7E1E99D68000CB4D16 /* APIClient.framework */;
			productType = "com.apple.product-type.framework";
		};
/* End PBXNativeTarget section */

/* Begin PBXProject section */
		150C8E5C1E99C62000CB4D16 /* Project object */ = {
			isa = PBXProject;
			attributes = {
				LastSwiftUpdateCheck = 0830;
				LastUpgradeCheck = 1010;
				ORGANIZATIONNAME = "Melbourne CocoaHeads";
				TargetAttributes = {
					150C8E631E99C62000CB4D16 = {
						CreatedOnToolsVersion = 8.3.1;
						LastSwiftMigration = 1010;
						ProvisioningStyle = Automatic;
					};
					150C8E7D1E99D68000CB4D16 = {
						CreatedOnToolsVersion = 8.3.1;
						LastSwiftMigration = 1010;
						ProvisioningStyle = Automatic;
					};
				};
			};
			buildConfigurationList = 150C8E5F1E99C62000CB4D16 /* Build configuration list for PBXProject "CocoaHeadsMobile" */;
			compatibilityVersion = "Xcode 10.0";
			developmentRegion = English;
			hasScannedForEncodings = 0;
			knownRegions = (
				en,
				Base,
			);
			mainGroup = 150C8E5B1E99C62000CB4D16;
			productRefGroup = 150C8E651E99C62000CB4D16 /* Products */;
			projectDirPath = "";
			projectRoot = "";
			targets = (
				150C8E631E99C62000CB4D16 /* CocoaheadsMobile */,
				150C8E7D1E99D68000CB4D16 /* APIClient */,
			);
		};
/* End PBXProject section */

/* Begin PBXResourcesBuildPhase section */
		150C8E621E99C62000CB4D16 /* Resources */ = {
			isa = PBXResourcesBuildPhase;
			buildActionMask = 2147483647;
			files = (
				152063C82191329900DECB3E /* Podfile in Resources */,
				150C8E721E99C62000CB4D16 /* LaunchScreen.storyboard in Resources */,
				150C8E6F1E99C62000CB4D16 /* Assets.xcassets in Resources */,
				152063C62191324000DECB3E /* README.md in Resources */,
				150C8E6D1E99C62000CB4D16 /* Main.storyboard in Resources */,
			);
			runOnlyForDeploymentPostprocessing = 0;
		};
		150C8E7C1E99D68000CB4D16 /* Resources */ = {
			isa = PBXResourcesBuildPhase;
			buildActionMask = 2147483647;
			files = (
			);
			runOnlyForDeploymentPostprocessing = 0;
		};
/* End PBXResourcesBuildPhase section */

/* Begin PBXShellScriptBuildPhase section */
		527175E2A73FFF087FD21229 /* [CP] Check Pods Manifest.lock */ = {
			isa = PBXShellScriptBuildPhase;
			buildActionMask = 2147483647;
			files = (
			);
			inputPaths = (
				"${PODS_PODFILE_DIR_PATH}/Podfile.lock",
				"${PODS_ROOT}/Manifest.lock",
			);
			name = "[CP] Check Pods Manifest.lock";
			outputPaths = (
				"$(DERIVED_FILE_DIR)/Pods-CocoaheadsMobile-checkManifestLockResult.txt",
			);
			runOnlyForDeploymentPostprocessing = 0;
			shellPath = /bin/sh;
			shellScript = "diff \"${PODS_PODFILE_DIR_PATH}/Podfile.lock\" \"${PODS_ROOT}/Manifest.lock\" > /dev/null\nif [ $? != 0 ] ; then\n    # print error to STDERR\n    echo \"error: The sandbox is not in sync with the Podfile.lock. Run 'pod install' or update your CocoaPods installation.\" >&2\n    exit 1\nfi\n# This output is used by Xcode 'outputs' to avoid re-running this script phase.\necho \"SUCCESS\" > \"${SCRIPT_OUTPUT_FILE_0}\"\n";
			showEnvVarsInLog = 0;
		};
		A7C0F03C654498DCB1200E23 /* [CP] Embed Pods Frameworks */ = {
			isa = PBXShellScriptBuildPhase;
			buildActionMask = 2147483647;
			files = (
			);
			inputPaths = (
				"${SRCROOT}/Pods/Target Support Files/Pods-CocoaheadsMobile/Pods-CocoaheadsMobile-frameworks.sh",
				"${BUILT_PRODUCTS_DIR}/Alamofire/Alamofire.framework",
			);
			name = "[CP] Embed Pods Frameworks";
			outputPaths = (
				"${TARGET_BUILD_DIR}/${FRAMEWORKS_FOLDER_PATH}/Alamofire.framework",
			);
			runOnlyForDeploymentPostprocessing = 0;
			shellPath = /bin/sh;
			shellScript = "\"${SRCROOT}/Pods/Target Support Files/Pods-CocoaheadsMobile/Pods-CocoaheadsMobile-frameworks.sh\"\n";
			showEnvVarsInLog = 0;
		};
		FFCDFDF6020F6A198E2E052B /* [CP] Check Pods Manifest.lock */ = {
			isa = PBXShellScriptBuildPhase;
			buildActionMask = 2147483647;
			files = (
			);
			inputPaths = (
				"${PODS_PODFILE_DIR_PATH}/Podfile.lock",
				"${PODS_ROOT}/Manifest.lock",
			);
			name = "[CP] Check Pods Manifest.lock";
			outputPaths = (
				"$(DERIVED_FILE_DIR)/Pods-APIClient-checkManifestLockResult.txt",
			);
			runOnlyForDeploymentPostprocessing = 0;
			shellPath = /bin/sh;
			shellScript = "diff \"${PODS_PODFILE_DIR_PATH}/Podfile.lock\" \"${PODS_ROOT}/Manifest.lock\" > /dev/null\nif [ $? != 0 ] ; then\n    # print error to STDERR\n    echo \"error: The sandbox is not in sync with the Podfile.lock. Run 'pod install' or update your CocoaPods installation.\" >&2\n    exit 1\nfi\n# This output is used by Xcode 'outputs' to avoid re-running this script phase.\necho \"SUCCESS\" > \"${SCRIPT_OUTPUT_FILE_0}\"\n";
			showEnvVarsInLog = 0;
		};
/* End PBXShellScriptBuildPhase section */

/* Begin PBXSourcesBuildPhase section */
		150C8E601E99C62000CB4D16 /* Sources */ = {
			isa = PBXSourcesBuildPhase;
			buildActionMask = 2147483647;
			files = (
				15ECAE951E9EE50B00487E4F /* Result.swift in Sources */,
				150C8E6A1E99C62000CB4D16 /* ListViewController.swift in Sources */,
				15ECAE981E9EE88C00487E4F /* EventsAPI+Result.swift in Sources */,
				150C8E9E1E99DADC00CB4D16 /* ListEvent.swift in Sources */,
				150C8EB91E9A19B000CB4D16 /* EventDetailViewController.swift in Sources */,
				150C8EA51E99E04000CB4D16 /* ResourceIdentifiers.swift in Sources */,
				150C8EB61E99F72600CB4D16 /* OverlayViewController.swift in Sources */,
				150C8E681E99C62000CB4D16 /* AppDelegate.swift in Sources */,
				150C8EAC1E99EC8100CB4D16 /* UIView+Extensions.swift in Sources */,
				150C8EA81E99E80000CB4D16 /* SegueHandlerType.swift in Sources */,
			);
			runOnlyForDeploymentPostprocessing = 0;
		};
		150C8E791E99D68000CB4D16 /* Sources */ = {
			isa = PBXSourcesBuildPhase;
			buildActionMask = 2147483647;
			files = (
				152064322191657600DECB3E /* JSONEncodableEncoding.swift in Sources */,
				152064362191657600DECB3E /* Event.swift in Sources */,
				152064402191657600DECB3E /* Configuration.swift in Sources */,
				152064372191657600DECB3E /* InlineResponse2001.swift in Sources */,
				152064312191657600DECB3E /* CodableHelper.swift in Sources */,
				1520643E2191657600DECB3E /* JSONEncodingHelper.swift in Sources */,
				1520642F2191657600DECB3E /* AlamofireImplementations.swift in Sources */,
				152064302191657600DECB3E /* EventsAPI.swift in Sources */,
				1520643B2191657600DECB3E /* InlineResponse200.swift in Sources */,
				152064392191657600DECB3E /* EventLinks.swift in Sources */,
				152064382191657600DECB3E /* Links.swift in Sources */,
				152064332191657600DECB3E /* APIs.swift in Sources */,
				1520643D2191657600DECB3E /* Extensions.swift in Sources */,
				1520643A2191657600DECB3E /* Coordinate.swift in Sources */,
				1520642E2191657600DECB3E /* APIHelper.swift in Sources */,
				1520643F2191657600DECB3E /* Models.swift in Sources */,
				152064352191657600DECB3E /* Address.swift in Sources */,
				152064342191657600DECB3E /* ResponseError.swift in Sources */,
			);
			runOnlyForDeploymentPostprocessing = 0;
		};
/* End PBXSourcesBuildPhase section */

/* Begin PBXTargetDependency section */
		150C8E841E99D68000CB4D16 /* PBXTargetDependency */ = {
			isa = PBXTargetDependency;
			target = 150C8E7D1E99D68000CB4D16 /* APIClient */;
			targetProxy = 150C8E831E99D68000CB4D16 /* PBXContainerItemProxy */;
		};
/* End PBXTargetDependency section */

/* Begin PBXVariantGroup section */
		150C8E6B1E99C62000CB4D16 /* Main.storyboard */ = {
			isa = PBXVariantGroup;
			children = (
				150C8E6C1E99C62000CB4D16 /* Base */,
			);
			name = Main.storyboard;
			sourceTree = "<group>";
		};
		150C8E701E99C62000CB4D16 /* LaunchScreen.storyboard */ = {
			isa = PBXVariantGroup;
			children = (
				150C8E711E99C62000CB4D16 /* Base */,
			);
			name = LaunchScreen.storyboard;
			sourceTree = "<group>";
		};
/* End PBXVariantGroup section */

/* Begin XCBuildConfiguration section */
		150C8E741E99C62000CB4D16 /* Debug */ = {
			isa = XCBuildConfiguration;
			buildSettings = {
				ALWAYS_SEARCH_USER_PATHS = NO;
				CLANG_ANALYZER_NONNULL = YES;
				CLANG_ANALYZER_NUMBER_OBJECT_CONVERSION = YES_AGGRESSIVE;
				CLANG_CXX_LANGUAGE_STANDARD = "gnu++0x";
				CLANG_CXX_LIBRARY = "libc++";
				CLANG_ENABLE_MODULES = YES;
				CLANG_ENABLE_OBJC_ARC = YES;
				CLANG_WARN_BLOCK_CAPTURE_AUTORELEASING = YES;
				CLANG_WARN_BOOL_CONVERSION = YES;
				CLANG_WARN_COMMA = YES;
				CLANG_WARN_CONSTANT_CONVERSION = YES;
				CLANG_WARN_DEPRECATED_OBJC_IMPLEMENTATIONS = YES;
				CLANG_WARN_DIRECT_OBJC_ISA_USAGE = YES_ERROR;
				CLANG_WARN_DOCUMENTATION_COMMENTS = YES;
				CLANG_WARN_EMPTY_BODY = YES;
				CLANG_WARN_ENUM_CONVERSION = YES;
				CLANG_WARN_INFINITE_RECURSION = YES;
				CLANG_WARN_INT_CONVERSION = YES;
				CLANG_WARN_NON_LITERAL_NULL_CONVERSION = YES;
				CLANG_WARN_OBJC_IMPLICIT_RETAIN_SELF = YES;
				CLANG_WARN_OBJC_LITERAL_CONVERSION = YES;
				CLANG_WARN_OBJC_ROOT_CLASS = YES_ERROR;
				CLANG_WARN_RANGE_LOOP_ANALYSIS = YES;
				CLANG_WARN_STRICT_PROTOTYPES = YES;
				CLANG_WARN_SUSPICIOUS_MOVE = YES;
				CLANG_WARN_UNREACHABLE_CODE = YES;
				CLANG_WARN__DUPLICATE_METHOD_MATCH = YES;
				"CODE_SIGN_IDENTITY[sdk=iphoneos*]" = "iPhone Developer";
				COPY_PHASE_STRIP = NO;
				DEBUG_INFORMATION_FORMAT = dwarf;
				ENABLE_STRICT_OBJC_MSGSEND = YES;
				ENABLE_TESTABILITY = YES;
				GCC_C_LANGUAGE_STANDARD = gnu99;
				GCC_DYNAMIC_NO_PIC = NO;
				GCC_NO_COMMON_BLOCKS = YES;
				GCC_OPTIMIZATION_LEVEL = 0;
				GCC_PREPROCESSOR_DEFINITIONS = (
					"DEBUG=1",
					"$(inherited)",
				);
				GCC_WARN_64_TO_32_BIT_CONVERSION = YES;
				GCC_WARN_ABOUT_RETURN_TYPE = YES_ERROR;
				GCC_WARN_UNDECLARED_SELECTOR = YES;
				GCC_WARN_UNINITIALIZED_AUTOS = YES_AGGRESSIVE;
				GCC_WARN_UNUSED_FUNCTION = YES;
				GCC_WARN_UNUSED_VARIABLE = YES;
				IPHONEOS_DEPLOYMENT_TARGET = 12.0;
				MTL_ENABLE_DEBUG_INFO = YES;
				ONLY_ACTIVE_ARCH = YES;
				SDKROOT = iphoneos;
				SWIFT_ACTIVE_COMPILATION_CONDITIONS = DEBUG;
				SWIFT_OPTIMIZATION_LEVEL = "-Onone";
				TARGETED_DEVICE_FAMILY = "1,2";
			};
			name = Debug;
		};
		150C8E751E99C62000CB4D16 /* Release */ = {
			isa = XCBuildConfiguration;
			buildSettings = {
				ALWAYS_SEARCH_USER_PATHS = NO;
				CLANG_ANALYZER_NONNULL = YES;
				CLANG_ANALYZER_NUMBER_OBJECT_CONVERSION = YES_AGGRESSIVE;
				CLANG_CXX_LANGUAGE_STANDARD = "gnu++0x";
				CLANG_CXX_LIBRARY = "libc++";
				CLANG_ENABLE_MODULES = YES;
				CLANG_ENABLE_OBJC_ARC = YES;
				CLANG_WARN_BLOCK_CAPTURE_AUTORELEASING = YES;
				CLANG_WARN_BOOL_CONVERSION = YES;
				CLANG_WARN_COMMA = YES;
				CLANG_WARN_CONSTANT_CONVERSION = YES;
				CLANG_WARN_DEPRECATED_OBJC_IMPLEMENTATIONS = YES;
				CLANG_WARN_DIRECT_OBJC_ISA_USAGE = YES_ERROR;
				CLANG_WARN_DOCUMENTATION_COMMENTS = YES;
				CLANG_WARN_EMPTY_BODY = YES;
				CLANG_WARN_ENUM_CONVERSION = YES;
				CLANG_WARN_INFINITE_RECURSION = YES;
				CLANG_WARN_INT_CONVERSION = YES;
				CLANG_WARN_NON_LITERAL_NULL_CONVERSION = YES;
				CLANG_WARN_OBJC_IMPLICIT_RETAIN_SELF = YES;
				CLANG_WARN_OBJC_LITERAL_CONVERSION = YES;
				CLANG_WARN_OBJC_ROOT_CLASS = YES_ERROR;
				CLANG_WARN_RANGE_LOOP_ANALYSIS = YES;
				CLANG_WARN_STRICT_PROTOTYPES = YES;
				CLANG_WARN_SUSPICIOUS_MOVE = YES;
				CLANG_WARN_UNREACHABLE_CODE = YES;
				CLANG_WARN__DUPLICATE_METHOD_MATCH = YES;
				"CODE_SIGN_IDENTITY[sdk=iphoneos*]" = "iPhone Developer";
				COPY_PHASE_STRIP = NO;
				DEBUG_INFORMATION_FORMAT = "dwarf-with-dsym";
				ENABLE_NS_ASSERTIONS = NO;
				ENABLE_STRICT_OBJC_MSGSEND = YES;
				GCC_C_LANGUAGE_STANDARD = gnu99;
				GCC_NO_COMMON_BLOCKS = YES;
				GCC_WARN_64_TO_32_BIT_CONVERSION = YES;
				GCC_WARN_ABOUT_RETURN_TYPE = YES_ERROR;
				GCC_WARN_UNDECLARED_SELECTOR = YES;
				GCC_WARN_UNINITIALIZED_AUTOS = YES_AGGRESSIVE;
				GCC_WARN_UNUSED_FUNCTION = YES;
				GCC_WARN_UNUSED_VARIABLE = YES;
				IPHONEOS_DEPLOYMENT_TARGET = 12.0;
				MTL_ENABLE_DEBUG_INFO = NO;
				SDKROOT = iphoneos;
				SWIFT_COMPILATION_MODE = wholemodule;
				SWIFT_OPTIMIZATION_LEVEL = "-O";
				TARGETED_DEVICE_FAMILY = "1,2";
				VALIDATE_PRODUCT = YES;
			};
			name = Release;
		};
		150C8E771E99C62000CB4D16 /* Debug */ = {
			isa = XCBuildConfiguration;
			baseConfigurationReference = 24EEAD5DDDD30139C3D44F23 /* Pods-CocoaheadsMobile.debug.xcconfig */;
			buildSettings = {
				ALWAYS_EMBED_SWIFT_STANDARD_LIBRARIES = YES;
				ASSETCATALOG_COMPILER_APPICON_NAME = AppIcon;
				INFOPLIST_FILE = CocoaheadsMobile/Info.plist;
				LD_RUNPATH_SEARCH_PATHS = (
					"$(inherited)",
					"@executable_path/Frameworks",
				);
				PRODUCT_BUNDLE_IDENTIFIER = com.melbournecocoaheads.CocoaheadsMobile;
				PRODUCT_NAME = "$(TARGET_NAME)";
				SWIFT_VERSION = 4.2;
			};
			name = Debug;
		};
		150C8E781E99C62000CB4D16 /* Release */ = {
			isa = XCBuildConfiguration;
			baseConfigurationReference = C1EF3783EDC80AA6D52CA227 /* Pods-CocoaheadsMobile.release.xcconfig */;
			buildSettings = {
				ALWAYS_EMBED_SWIFT_STANDARD_LIBRARIES = YES;
				ASSETCATALOG_COMPILER_APPICON_NAME = AppIcon;
				INFOPLIST_FILE = CocoaheadsMobile/Info.plist;
				LD_RUNPATH_SEARCH_PATHS = (
					"$(inherited)",
					"@executable_path/Frameworks",
				);
				PRODUCT_BUNDLE_IDENTIFIER = com.melbournecocoaheads.CocoaheadsMobile;
				PRODUCT_NAME = "$(TARGET_NAME)";
				SWIFT_VERSION = 4.2;
			};
			name = Release;
		};
		150C8E871E99D68000CB4D16 /* Debug */ = {
			isa = XCBuildConfiguration;
			baseConfigurationReference = D246C2A0B41E34D30B592E34 /* Pods-APIClient.debug.xcconfig */;
			buildSettings = {
				CLANG_ENABLE_MODULES = YES;
				CODE_SIGN_IDENTITY = "";
				CURRENT_PROJECT_VERSION = 1;
				DEFINES_MODULE = YES;
				DYLIB_COMPATIBILITY_VERSION = 1;
				DYLIB_CURRENT_VERSION = 1;
				DYLIB_INSTALL_NAME_BASE = "@rpath";
				INFOPLIST_FILE = APIClient/Info.plist;
				INSTALL_PATH = "$(LOCAL_LIBRARY_DIR)/Frameworks";
				LD_RUNPATH_SEARCH_PATHS = (
					"$(inherited)",
					"@executable_path/Frameworks",
					"@loader_path/Frameworks",
				);
				PRODUCT_BUNDLE_IDENTIFIER = com.melbournecocoaheads.APIClient;
				PRODUCT_NAME = "$(TARGET_NAME)";
				SKIP_INSTALL = YES;
				SWIFT_OPTIMIZATION_LEVEL = "-Onone";
				SWIFT_SWIFT3_OBJC_INFERENCE = On;
				SWIFT_VERSION = 3.0;
				VERSIONING_SYSTEM = "apple-generic";
				VERSION_INFO_PREFIX = "";
			};
			name = Debug;
		};
		150C8E881E99D68000CB4D16 /* Release */ = {
			isa = XCBuildConfiguration;
			baseConfigurationReference = 6B4DD9724993CE638C391CB8 /* Pods-APIClient.release.xcconfig */;
			buildSettings = {
				CLANG_ENABLE_MODULES = YES;
				CODE_SIGN_IDENTITY = "";
				CURRENT_PROJECT_VERSION = 1;
				DEFINES_MODULE = YES;
				DYLIB_COMPATIBILITY_VERSION = 1;
				DYLIB_CURRENT_VERSION = 1;
				DYLIB_INSTALL_NAME_BASE = "@rpath";
				INFOPLIST_FILE = APIClient/Info.plist;
				INSTALL_PATH = "$(LOCAL_LIBRARY_DIR)/Frameworks";
				LD_RUNPATH_SEARCH_PATHS = (
					"$(inherited)",
					"@executable_path/Frameworks",
					"@loader_path/Frameworks",
				);
				PRODUCT_BUNDLE_IDENTIFIER = com.melbournecocoaheads.APIClient;
				PRODUCT_NAME = "$(TARGET_NAME)";
				SKIP_INSTALL = YES;
				SWIFT_SWIFT3_OBJC_INFERENCE = On;
				SWIFT_VERSION = 3.0;
				VERSIONING_SYSTEM = "apple-generic";
				VERSION_INFO_PREFIX = "";
			};
			name = Release;
		};
/* End XCBuildConfiguration section */

/* Begin XCConfigurationList section */
		150C8E5F1E99C62000CB4D16 /* Build configuration list for PBXProject "CocoaHeadsMobile" */ = {
			isa = XCConfigurationList;
			buildConfigurations = (
				150C8E741E99C62000CB4D16 /* Debug */,
				150C8E751E99C62000CB4D16 /* Release */,
			);
			defaultConfigurationIsVisible = 0;
			defaultConfigurationName = Release;
		};
		150C8E761E99C62000CB4D16 /* Build configuration list for PBXNativeTarget "CocoaheadsMobile" */ = {
			isa = XCConfigurationList;
			buildConfigurations = (
				150C8E771E99C62000CB4D16 /* Debug */,
				150C8E781E99C62000CB4D16 /* Release */,
			);
			defaultConfigurationIsVisible = 0;
			defaultConfigurationName = Release;
		};
		150C8E891E99D68000CB4D16 /* Build configuration list for PBXNativeTarget "APIClient" */ = {
			isa = XCConfigurationList;
			buildConfigurations = (
				150C8E871E99D68000CB4D16 /* Debug */,
				150C8E881E99D68000CB4D16 /* Release */,
			);
			defaultConfigurationIsVisible = 0;
			defaultConfigurationName = Release;
		};
/* End XCConfigurationList section */
	};
	rootObject = 150C8E5C1E99C62000CB4D16 /* Project object */;
}
